
Microsoft Visual Studio Solution File, Format Version 12.00
# Visual Studio 15
VisualStudioVersion = 15.0.26430.14
MinimumVisualStudioVersion = 10.0.40219.1
Project("{FAE04EC0-301F-11D3-BF4B-00C04F79EFBC}") = "WebApplication1", "WebApplication1\WebApplication1.csproj", "{C6EA0A17-0E92-43E3-B6C1-5CD956044738}"
EndProject
Project("{FAE04EC0-301F-11D3-BF4B-00C04F79EFBC}") = "WindowsFormsApp1", "WindowsFormsApp1\WindowsFormsApp1.csproj", "{32D91327-3980-4455-A360-8FDC4054ED0C}"
EndProject
Global
	GlobalSection(SolutionConfigurationPlatforms) = preSolution
		Debug|Any CPU = Debug|Any CPU
		Release|Any CPU = Release|Any CPU
	EndGlobalSection
	GlobalSection(ProjectConfigurationPlatforms) = postSolution
		{C6EA0A17-0E92-43E3-B6C1-5CD956044738}.Debug|Any CPU.ActiveCfg = Debug|Any CPU
		{C6EA0A17-0E92-43E3-B6C1-5CD956044738}.Debug|Any CPU.Build.0 = Debug|Any CPU
		{C6EA0A17-0E92-43E3-B6C1-5CD956044738}.Release|Any CPU.ActiveCfg = Release|Any CPU
		{C6EA0A17-0E92-43E3-B6C1-5CD956044738}.Release|Any CPU.Build.0 = Release|Any CPU
		{32D91327-3980-4455-A360-8FDC4054ED0C}.Debug|Any CPU.ActiveCfg = Debug|Any CPU
		{32D91327-3980-4455-A360-8FDC4054ED0C}.Debug|Any CPU.Build.0 = Debug|Any CPU
		{32D91327-3980-4455-A360-8FDC4054ED0C}.Release|Any CPU.ActiveCfg = Release|Any CPU
		{32D91327-3980-4455-A360-8FDC4054ED0C}.Release|Any CPU.Build.0 = Release|Any CPU
	EndGlobalSection
	GlobalSection(SolutionProperties) = preSolution
		HideSolutionNode = FALSE
	EndGlobalSection
EndGlobal
